
Microsoft Visual Studio Solution File, Format Version 12.00
# Visual Studio Version 17
VisualStudioVersion = 17.4.33103.184
MinimumVisualStudioVersion = 10.0.40219.1
Project("{9A19103F-16F7-4668-BE54-9A1E7A4F7556}") = "WeatherCalendar", "WeatherCalendar\WeatherCalendar.csproj", "{FD42C9D1-76B5-4381-B3A5-573BC7E9F23A}"
EndProject
Project("{9A19103F-16F7-4668-BE54-9A1E7A4F7556}") = "Weather", "Weather\Weather.csproj", "{661F15FA-86FF-4780-B07B-F49F415FA306}"
EndProject
Project("{9A19103F-16F7-4668-BE54-9A1E7A4F7556}") = "SharpSxwnl", "SharpSxwnl\SharpSxwnl.csproj", "{72FF6302-45FB-4AE4-B519-FA09806381D5}"
EndProject
Global
	GlobalSection(SolutionConfigurationPlatforms) = preSolution
		Debug|Any CPU = Debug|Any CPU
		Release|Any CPU = Release|Any CPU
	EndGlobalSection
	GlobalSection(ProjectConfigurationPlatforms) = postSolution
		{FD42C9D1-76B5-4381-B3A5-573BC7E9F23A}.Debug|Any CPU.ActiveCfg = Debug|Any CPU
		{FD42C9D1-76B5-4381-B3A5-573BC7E9F23A}.Debug|Any CPU.Build.0 = Debug|Any CPU
		{FD42C9D1-76B5-4381-B3A5-573BC7E9F23A}.Release|Any CPU.ActiveCfg = Release|Any CPU
		{FD42C9D1-76B5-4381-B3A5-573BC7E9F23A}.Release|Any CPU.Build.0 = Release|Any CPU
		{661F15FA-86FF-4780-B07B-F49F415FA306}.Debug|Any CPU.ActiveCfg = Debug|Any CPU
		{661F15FA-86FF-4780-B07B-F49F415FA306}.Debug|Any CPU.Build.0 = Debug|Any CPU
		{661F15FA-86FF-4780-B07B-F49F415FA306}.Release|Any CPU.ActiveCfg = Release|Any CPU
		{661F15FA-86FF-4780-B07B-F49F415FA306}.Release|Any CPU.Build.0 = Release|Any CPU
		{72FF6302-45FB-4AE4-B519-FA09806381D5}.Debug|Any CPU.ActiveCfg = Debug|Any CPU
		{72FF6302-45FB-4AE4-B519-FA09806381D5}.Debug|Any CPU.Build.0 = Debug|Any CPU
		{72FF6302-45FB-4AE4-B519-FA09806381D5}.Release|Any CPU.ActiveCfg = Release|Any CPU
		{72FF6302-45FB-4AE4-B519-FA09806381D5}.Release|Any CPU.Build.0 = Release|Any CPU
	EndGlobalSection
	GlobalSection(SolutionProperties) = preSolution
		HideSolutionNode = FALSE
	EndGlobalSection
	GlobalSection(ExtensibilityGlobals) = postSolution
		SolutionGuid = {15DB5941-A210-486C-850A-CE55B70A3F0F}
	EndGlobalSection
EndGlobal
